
Microsoft Visual Studio Solution File, Format Version 12.00
# Visual Studio Version 17
VisualStudioVersion = 17.8.34316.72
MinimumVisualStudioVersion = 10.0.40219.1
Project("{FAE04EC0-301F-11D3-BF4B-00C04F79EFBC}") = "IntegrationWithBitwardenSecretManagerSDK", "IntegrationWithBitwardenSecretManagerSDK\IntegrationWithBitwardenSecretManagerSDK.csproj", "{01305008-8C1E-4BC9-BC98-E91FA56924BF}"
EndProject
Project("{FAE04EC0-301F-11D3-BF4B-00C04F79EFBC}") = "IntegrationWithBitwardenSecretManagerSDK.Core", "IntegrationWithBitwardenSecretManagerSDK.Core\IntegrationWithBitwardenSecretManagerSDK.Core.csproj", "{91E92FA9-FD43-476C-8DD9-EB97CF2EA6F4}"
EndProject
Global
	GlobalSection(SolutionConfigurationPlatforms) = preSolution
		Debug|Any CPU = Debug|Any CPU
		Release|Any CPU = Release|Any CPU
	EndGlobalSection
	GlobalSection(ProjectConfigurationPlatforms) = postSolution
		{01305008-8C1E-4BC9-BC98-E91FA56924BF}.Debug|Any CPU.ActiveCfg = Debug|Any CPU
		{01305008-8C1E-4BC9-BC98-E91FA56924BF}.Debug|Any CPU.Build.0 = Debug|Any CPU
		{01305008-8C1E-4BC9-BC98-E91FA56924BF}.Release|Any CPU.ActiveCfg = Release|Any CPU
		{01305008-8C1E-4BC9-BC98-E91FA56924BF}.Release|Any CPU.Build.0 = Release|Any CPU
		{91E92FA9-FD43-476C-8DD9-EB97CF2EA6F4}.Debug|Any CPU.ActiveCfg = Debug|Any CPU
		{91E92FA9-FD43-476C-8DD9-EB97CF2EA6F4}.Debug|Any CPU.Build.0 = Debug|Any CPU
		{91E92FA9-FD43-476C-8DD9-EB97CF2EA6F4}.Release|Any CPU.ActiveCfg = Release|Any CPU
		{91E92FA9-FD43-476C-8DD9-EB97CF2EA6F4}.Release|Any CPU.Build.0 = Release|Any CPU
	EndGlobalSection
	GlobalSection(SolutionProperties) = preSolution
		HideSolutionNode = FALSE
	EndGlobalSection
	GlobalSection(ExtensibilityGlobals) = postSolution
		SolutionGuid = {F0BE41AB-8B21-4CA4-BB42-D2E2BF94DE12}
	EndGlobalSection
EndGlobal
